{
  "name": "ddd-circle",
  "version": "1.0.0",
  "lockfileVersion": 3,
  "requires": true,
  "packages": {
    "": {
      "name": "ddd-circle",
      "version": "1.0.0",
      "license": "ISC",
      "dependencies": {
        "ts-hashcode": "^1.0.2"
      }
    },
    "node_modules/ts-hashcode": {
      "version": "1.0.2",
      "resolved": "https://registry.npmjs.org/ts-hashcode/-/ts-hashcode-1.0.2.tgz",
      "integrity": "sha512-GirnexaWGaWiI3r6Ut64Kjd18eI6ugPHV/ka5GzanYy4VVwDCQrXymuLz42sUfnyD/2XwFqbpWfp4+CMoIJ4fA==",
      "dependencies": {
        "typeof-util": "^1.0.7"
      },
      "engines": {
        "node": ">=0.10.0"
      }
    },
    "node_modules/typeof-util": {
      "version": "1.0.7",
      "resolved": "https://registry.npmjs.org/typeof-util/-/typeof-util-1.0.7.tgz",
      "integrity": "sha512-uFUnoQlZrMtzmOeu1R49YgAouJnRjTqcrYCKfUq5HCE30ZXuh16x/Pmr7IRBkjvG9XJfhGcde2qBpjOt2S1HtQ==",
      "engines": {
        "node": ">=0.10.0"
      }
    }
  }
}
